
Microsoft Visual Studio Solution File, Format Version 12.00
# Visual Studio Version 16
VisualStudioVersion = 16.0.30413.136
MinimumVisualStudioVersion = 10.0.40219.1
Project("{FAE04EC0-301F-11D3-BF4B-00C04F79EFBC}") = "Test", "Test\Test.csproj", "{62F0C836-FA36-4400-8278-B9A8573A0FCE}"
EndProject
Project("{FAE04EC0-301F-11D3-BF4B-00C04F79EFBC}") = "Test.Tests", "Test.Tests\Test.Tests.csproj", "{658DACC1-FFEC-4871-AFC3-65490D6D63DC}"
EndProject
Global
	GlobalSection(SolutionConfigurationPlatforms) = preSolution
		Debug|Any CPU = Debug|Any CPU
		Release|Any CPU = Release|Any CPU
	EndGlobalSection
	GlobalSection(ProjectConfigurationPlatforms) = postSolution
		{62F0C836-FA36-4400-8278-B9A8573A0FCE}.Debug|Any CPU.ActiveCfg = Debug|Any CPU
		{62F0C836-FA36-4400-8278-B9A8573A0FCE}.Debug|Any CPU.Build.0 = Debug|Any CPU
		{62F0C836-FA36-4400-8278-B9A8573A0FCE}.Release|Any CPU.ActiveCfg = Release|Any CPU
		{62F0C836-FA36-4400-8278-B9A8573A0FCE}.Release|Any CPU.Build.0 = Release|Any CPU
		{658DACC1-FFEC-4871-AFC3-65490D6D63DC}.Debug|Any CPU.ActiveCfg = Debug|Any CPU
		{658DACC1-FFEC-4871-AFC3-65490D6D63DC}.Debug|Any CPU.Build.0 = Debug|Any CPU
		{658DACC1-FFEC-4871-AFC3-65490D6D63DC}.Release|Any CPU.ActiveCfg = Release|Any CPU
		{658DACC1-FFEC-4871-AFC3-65490D6D63DC}.Release|Any CPU.Build.0 = Release|Any CPU
	EndGlobalSection
	GlobalSection(SolutionProperties) = preSolution
		HideSolutionNode = FALSE
	EndGlobalSection
	GlobalSection(ExtensibilityGlobals) = postSolution
		SolutionGuid = {85195BAD-93E1-4F40-9457-2268FAEC245C}
	EndGlobalSection
EndGlobal
